
Microsoft Visual Studio Solution File, Format Version 12.00
# Visual Studio Version 17
VisualStudioVersion = 17.2.32505.173
MinimumVisualStudioVersion = 10.0.40219.1
Project("{FAE04EC0-301F-11D3-BF4B-00C04F79EFBC}") = "Hotel", "Hotel\Hotel.csproj", "{54BE012E-1BA9-4F72-ACEB-DAB9D51F11EC}"
EndProject
Global
	GlobalSection(SolutionConfigurationPlatforms) = preSolution
		Debug|Any CPU = Debug|Any CPU
		Release|Any CPU = Release|Any CPU
	EndGlobalSection
	GlobalSection(ProjectConfigurationPlatforms) = postSolution
		{54BE012E-1BA9-4F72-ACEB-DAB9D51F11EC}.Debug|Any CPU.ActiveCfg = Debug|Any CPU
		{54BE012E-1BA9-4F72-ACEB-DAB9D51F11EC}.Debug|Any CPU.Build.0 = Debug|Any CPU
		{54BE012E-1BA9-4F72-ACEB-DAB9D51F11EC}.Release|Any CPU.ActiveCfg = Release|Any CPU
		{54BE012E-1BA9-4F72-ACEB-DAB9D51F11EC}.Release|Any CPU.Build.0 = Release|Any CPU
	EndGlobalSection
	GlobalSection(SolutionProperties) = preSolution
		HideSolutionNode = FALSE
	EndGlobalSection
	GlobalSection(ExtensibilityGlobals) = postSolution
		SolutionGuid = {153542F0-F73F-435F-9271-A948FD8D7002}
	EndGlobalSection
EndGlobal
